
Microsoft Visual Studio Solution File, Format Version 12.00
# Visual Studio Version 17
VisualStudioVersion = 17.4.33110.190
MinimumVisualStudioVersion = 10.0.40219.1
Project("{FAE04EC0-301F-11D3-BF4B-00C04F79EFBC}") = "lab04", "lab04\lab04.csproj", "{FC7D3655-8596-4998-8015-9E53803E4E61}"
EndProject
Global
	GlobalSection(SolutionConfigurationPlatforms) = preSolution
		Debug|Any CPU = Debug|Any CPU
		Release|Any CPU = Release|Any CPU
	EndGlobalSection
	GlobalSection(ProjectConfigurationPlatforms) = postSolution
		{FC7D3655-8596-4998-8015-9E53803E4E61}.Debug|Any CPU.ActiveCfg = Debug|Any CPU
		{FC7D3655-8596-4998-8015-9E53803E4E61}.Debug|Any CPU.Build.0 = Debug|Any CPU
		{FC7D3655-8596-4998-8015-9E53803E4E61}.Release|Any CPU.ActiveCfg = Release|Any CPU
		{FC7D3655-8596-4998-8015-9E53803E4E61}.Release|Any CPU.Build.0 = Release|Any CPU
	EndGlobalSection
	GlobalSection(SolutionProperties) = preSolution
		HideSolutionNode = FALSE
	EndGlobalSection
	GlobalSection(ExtensibilityGlobals) = postSolution
		SolutionGuid = {A762B596-DF47-4B78-972A-8D9AE07E0832}
	EndGlobalSection
EndGlobal
