
Microsoft Visual Studio Solution File, Format Version 12.00
# Visual Studio Version 17
VisualStudioVersion = 17.4.33110.190
MinimumVisualStudioVersion = 10.0.40219.1
Project("{FAE04EC0-301F-11D3-BF4B-00C04F79EFBC}") = "lab01", "lab01\lab01.csproj", "{73075CE0-05BC-4AD0-93EC-9A86E449E768}"
EndProject
Global
	GlobalSection(SolutionConfigurationPlatforms) = preSolution
		Debug|Any CPU = Debug|Any CPU
		Release|Any CPU = Release|Any CPU
	EndGlobalSection
	GlobalSection(ProjectConfigurationPlatforms) = postSolution
		{73075CE0-05BC-4AD0-93EC-9A86E449E768}.Debug|Any CPU.ActiveCfg = Debug|Any CPU
		{73075CE0-05BC-4AD0-93EC-9A86E449E768}.Debug|Any CPU.Build.0 = Debug|Any CPU
		{73075CE0-05BC-4AD0-93EC-9A86E449E768}.Release|Any CPU.ActiveCfg = Release|Any CPU
		{73075CE0-05BC-4AD0-93EC-9A86E449E768}.Release|Any CPU.Build.0 = Release|Any CPU
	EndGlobalSection
	GlobalSection(SolutionProperties) = preSolution
		HideSolutionNode = FALSE
	EndGlobalSection
	GlobalSection(ExtensibilityGlobals) = postSolution
		SolutionGuid = {1CA14126-FB38-422F-B0CD-1315214ACA93}
	EndGlobalSection
EndGlobal
